
Microsoft Visual Studio Solution File, Format Version 12.00
# Visual Studio Version 17
VisualStudioVersion = 17.6.33815.320
MinimumVisualStudioVersion = 10.0.40219.1
Project("{9A19103F-16F7-4668-BE54-9A1E7A4F7556}") = "AstronoApi", "AstronoApi.csproj", "{7CCF6B97-9D8F-4ECD-83F6-43D5FD88148B}"
EndProject
Project("{9A19103F-16F7-4668-BE54-9A1E7A4F7556}") = "Repositories", "..\Repositories\Repositories.csproj", "{2D4C666F-5F1B-4A7B-92DF-80F1A4FB8451}"
EndProject
Project("{FAE04EC0-301F-11D3-BF4B-00C04F79EFBC}") = "Services", "..\Services\Services.csproj", "{F81DFB1E-43C7-4F58-BB7F-28CFA4AAD614}"
EndProject
Global
	GlobalSection(SolutionConfigurationPlatforms) = preSolution
		Debug|Any CPU = Debug|Any CPU
		Release|Any CPU = Release|Any CPU
	EndGlobalSection
	GlobalSection(ProjectConfigurationPlatforms) = postSolution
		{7CCF6B97-9D8F-4ECD-83F6-43D5FD88148B}.Debug|Any CPU.ActiveCfg = Debug|Any CPU
		{7CCF6B97-9D8F-4ECD-83F6-43D5FD88148B}.Debug|Any CPU.Build.0 = Debug|Any CPU
		{7CCF6B97-9D8F-4ECD-83F6-43D5FD88148B}.Release|Any CPU.ActiveCfg = Release|Any CPU
		{7CCF6B97-9D8F-4ECD-83F6-43D5FD88148B}.Release|Any CPU.Build.0 = Release|Any CPU
		{2D4C666F-5F1B-4A7B-92DF-80F1A4FB8451}.Debug|Any CPU.ActiveCfg = Debug|Any CPU
		{2D4C666F-5F1B-4A7B-92DF-80F1A4FB8451}.Debug|Any CPU.Build.0 = Debug|Any CPU
		{2D4C666F-5F1B-4A7B-92DF-80F1A4FB8451}.Release|Any CPU.ActiveCfg = Release|Any CPU
		{2D4C666F-5F1B-4A7B-92DF-80F1A4FB8451}.Release|Any CPU.Build.0 = Release|Any CPU
		{F81DFB1E-43C7-4F58-BB7F-28CFA4AAD614}.Debug|Any CPU.ActiveCfg = Debug|Any CPU
		{F81DFB1E-43C7-4F58-BB7F-28CFA4AAD614}.Debug|Any CPU.Build.0 = Debug|Any CPU
		{F81DFB1E-43C7-4F58-BB7F-28CFA4AAD614}.Release|Any CPU.ActiveCfg = Release|Any CPU
		{F81DFB1E-43C7-4F58-BB7F-28CFA4AAD614}.Release|Any CPU.Build.0 = Release|Any CPU
	EndGlobalSection
	GlobalSection(SolutionProperties) = preSolution
		HideSolutionNode = FALSE
	EndGlobalSection
	GlobalSection(ExtensibilityGlobals) = postSolution
		SolutionGuid = {F6FC82F5-3955-4B5A-9F02-4EE90CD8EB0D}
	EndGlobalSection
EndGlobal
